
Microsoft Visual Studio Solution File, Format Version 12.00
# Visual Studio Version 17
VisualStudioVersion = 17.7.34031.279
MinimumVisualStudioVersion = 10.0.40219.1
Project("{FAE04EC0-301F-11D3-BF4B-00C04F79EFBC}") = "cosmic-management-system", "cosmic-management-system.csproj", "{1068B565-0465-4198-BEFA-9330B53213DB}"
EndProject
Global
	GlobalSection(SolutionConfigurationPlatforms) = preSolution
		Debug|Any CPU = Debug|Any CPU
		Release|Any CPU = Release|Any CPU
	EndGlobalSection
	GlobalSection(ProjectConfigurationPlatforms) = postSolution
		{1068B565-0465-4198-BEFA-9330B53213DB}.Debug|Any CPU.ActiveCfg = Debug|Any CPU
		{1068B565-0465-4198-BEFA-9330B53213DB}.Debug|Any CPU.Build.0 = Debug|Any CPU
		{1068B565-0465-4198-BEFA-9330B53213DB}.Release|Any CPU.ActiveCfg = Release|Any CPU
		{1068B565-0465-4198-BEFA-9330B53213DB}.Release|Any CPU.Build.0 = Release|Any CPU
	EndGlobalSection
	GlobalSection(SolutionProperties) = preSolution
		HideSolutionNode = FALSE
	EndGlobalSection
	GlobalSection(ExtensibilityGlobals) = postSolution
		SolutionGuid = {20E52B78-73DA-42B0-A343-5A29E9ABBA0A}
	EndGlobalSection
EndGlobal
